
Microsoft Visual Studio Solution File, Format Version 12.00
# Visual Studio 15
VisualStudioVersion = 15.0.28307.168
MinimumVisualStudioVersion = 10.0.40219.1
Project("{FAE04EC0-301F-11D3-BF4B-00C04F79EFBC}") = "ReactCrudDemo", "ReactCrudDemo\ReactCrudDemo.csproj", "{4C8C022A-F186-4912-96D1-A00A37C894FC}"
EndProject
Global
	GlobalSection(SolutionConfigurationPlatforms) = preSolution
		Debug|Any CPU = Debug|Any CPU
		Release|Any CPU = Release|Any CPU
	EndGlobalSection
	GlobalSection(ProjectConfigurationPlatforms) = postSolution
		{4C8C022A-F186-4912-96D1-A00A37C894FC}.Debug|Any CPU.ActiveCfg = Debug|Any CPU
		{4C8C022A-F186-4912-96D1-A00A37C894FC}.Debug|Any CPU.Build.0 = Debug|Any CPU
		{4C8C022A-F186-4912-96D1-A00A37C894FC}.Release|Any CPU.ActiveCfg = Release|Any CPU
		{4C8C022A-F186-4912-96D1-A00A37C894FC}.Release|Any CPU.Build.0 = Release|Any CPU
	EndGlobalSection
	GlobalSection(SolutionProperties) = preSolution
		HideSolutionNode = FALSE
	EndGlobalSection
	GlobalSection(ExtensibilityGlobals) = postSolution
		SolutionGuid = {6D963809-21BF-4196-B7F5-D47801A75067}
	EndGlobalSection
EndGlobal
